# THIS IS AN AUTOGENERATED FILE. DO NOT EDIT THIS FILE DIRECTLY.
# yarn lockfile v1


"@babel/runtime@^7.17.8":
  version "7.23.4"
  resolved "https://registry.yarnpkg.com/@babel/runtime/-/runtime-7.23.4.tgz#36fa1d2b36db873d25ec631dcc4923fdc1cf2e2e"
  integrity sha512-2Yv65nlWnWlSpe3fXEyX5i7fx5kIKo4Qbcj+hMO0odwaneFjfXw5fdum+4yL20O0QiaHpia0cYQ9xpNMqrBwHg==
  dependencies:
    regenerator-runtime "^0.14.0"

"@types/google-apps-script@^1.0.53":
  version "1.0.78"
  resolved "https://registry.yarnpkg.com/@types/google-apps-script/-/google-apps-script-1.0.78.tgz#4ba09b538d19582ac031d5cd1294794c7a6aba07"
  integrity sha512-JOTy4vjBQ+HfdtJMkfcNF5WM8RC3R6SVp90bd8BCFvNWSaQ7zzP3abOLuJSCwQHjt0hWftofckvhwEcZjZ4hcQ==

clasp-env@^1.0.1:
  version "1.0.1"
  resolved "https://registry.yarnpkg.com/clasp-env/-/clasp-env-1.0.1.tgz#28f0f268d881139487f85ac3279a7f1bd64e3f9b"
  integrity sha512-ItPC//f/nDNuK+o6qdQq1n1DAmpci8FDlFlDaLhKY4TsVhfTzw+TvvOHqj/QI9TumgCTcwnV3TM67ungYlyfrA==

commander@^4.0.0:
  version "4.1.1"
  resolved "https://registry.yarnpkg.com/commander/-/commander-4.1.1.tgz#9fd602bd936294e9e9ef46a3f4d6964044b18068"
  integrity sha512-NOKm8xhkzAjzFx8B2v5OAHT+u5pRQc2UCa2Vq9jYL/31o2wi9mxBA7LIFs3sV5VSC49z6pEhfbMULvShKj26WA==

cross-spawn@^7.0.0:
  version "7.0.3"
  resolved "https://registry.yarnpkg.com/cross-spawn/-/cross-spawn-7.0.3.tgz#f73a85b9d5d41d045551c177e2882d4ac85728a6"
  integrity sha512-iRDPJKUPVEND7dHPO8rkbOnPpyDygcDFtWjpeWNCgy8WP2rXcxXL8TskReQl6OrB2G7+UJrags1q15Fudc7G6w==
  dependencies:
    path-key "^3.1.0"
    shebang-command "^2.0.0"
    which "^2.0.1"

currency.js@^2.0.4:
  version "2.0.4"
  resolved "https://registry.yarnpkg.com/currency.js/-/currency.js-2.0.4.tgz#a8a4d69be3b2e509bf67a560c78220bc04809cf1"
  integrity sha512-6/OplJYgJ0RUlli74d93HJ/OsKVBi8lB1+Z6eJYS1YZzBuIp4qKKHpJ7ad+GvTlWmLR/hLJOWTykN5Nm8NJ7+w==

dayjs@^1.11.1:
  version "1.11.10"
  resolved "https://registry.yarnpkg.com/dayjs/-/dayjs-1.11.10.tgz#68acea85317a6e164457d6d6947564029a6a16a0"
  integrity sha512-vjAczensTgRcqDERK0SR2XMwsF/tSvnvlv6VcF2GIhg6Sx4yOIt/irsr1RDJsKiIyBzJDpCoXiWWq28MqH2cnQ==

env-cmd@^10.1.0:
  version "10.1.0"
  resolved "https://registry.yarnpkg.com/env-cmd/-/env-cmd-10.1.0.tgz#c7f5d3b550c9519f137fdac4dd8fb6866a8c8c4b"
  integrity sha512-mMdWTT9XKN7yNth/6N6g2GuKuJTsKMDHlQFUDacb/heQRRWOTIZ42t1rMHnQu4jYxU1ajdTeJM+9eEETlqToMA==
  dependencies:
    commander "^4.0.0"
    cross-spawn "^7.0.0"

gas-lib@^2.0.4:
  version "2.0.4"
  resolved "https://registry.yarnpkg.com/gas-lib/-/gas-lib-2.0.4.tgz#554d3800aa3900af47b9a840148a3a81904aecc9"
  integrity sha512-Ha9We4wfZ9WewCpRnz1aoxtdRY4h5dbMjezjXEkLfNpJHehXmuvW8H2yjqAnDbEmPO3ML2HuUpAFPYyqhKUSfw==

isexe@^2.0.0:
  version "2.0.0"
  resolved "https://registry.yarnpkg.com/isexe/-/isexe-2.0.0.tgz#e8fbf374dc556ff8947a10dcb0572d633f2cfa10"
  integrity sha512-RHxMLp9lnKHGHRng9QFhRCMbYAcVpn69smSGcq3f36xjgVVWThj4qqLbTLlq7Ssj8B+fIQ1EuCEGI2lKsyQeIw==

json-beautify@^1.1.1:
  version "1.1.1"
  resolved "https://registry.yarnpkg.com/json-beautify/-/json-beautify-1.1.1.tgz#8a1ed511ad5d52ca63ed29f7c61896c6a6ebbb9f"
  integrity sha512-17j+Hk2lado0xqKtUcyAjK0AtoHnPSIgktWRsEXgdFQFG9UnaGw6CHa0J7xsvulxRpFl6CrkDFHght1p5ZJc4A==

lodash@^4.17.21:
  version "4.17.21"
  resolved "https://registry.yarnpkg.com/lodash/-/lodash-4.17.21.tgz#679591c564c3bffaae8454cf0b3df370c3d6911c"
  integrity sha512-v2kDEe57lecTulaDIuNTPy3Ry4gLGJ6Z1O3vE1krgXZNrsQ+LFTGHVxVjcXPs17LhbZVGedAJv8XZ1tvj5FvSg==

path-key@^3.1.0:
  version "3.1.1"
  resolved "https://registry.yarnpkg.com/path-key/-/path-key-3.1.1.tgz#581f6ade658cbba65a0d3380de7753295054f375"
  integrity sha512-ojmeN0qd+y0jszEtoY48r0Peq5dwMEkIlCOu6Q5f41lfkswXuKtYrhgoTpLnyIcHm24Uhqx+5Tqm2InSwLhE6Q==

regenerator-runtime@^0.14.0:
  version "0.14.0"
  resolved "https://registry.yarnpkg.com/regenerator-runtime/-/regenerator-runtime-0.14.0.tgz#5e19d68eb12d486f797e15a3c6a918f7cec5eb45"
  integrity sha512-srw17NI0TUWHuGa5CFGGmhfNIeja30WMBfbslPNhf6JrqQlLN5gcrvig1oqPxiVaXb0oW0XRKtH6Nngs5lKCIA==

shebang-command@^2.0.0:
  version "2.0.0"
  resolved "https://registry.yarnpkg.com/shebang-command/-/shebang-command-2.0.0.tgz#ccd0af4f8835fbdc265b82461aaf0c36663f34ea"
  integrity sha512-kHxr2zZpYtdmrN1qDjrrX/Z1rR1kG8Dx+gkpK1G4eXmvXswmcE1hTWBWYUzlraYw1/yZp6YuDY77YtvbN0dmDA==
  dependencies:
    shebang-regex "^3.0.0"

shebang-regex@^3.0.0:
  version "3.0.0"
  resolved "https://registry.yarnpkg.com/shebang-regex/-/shebang-regex-3.0.0.tgz#ae16f1644d873ecad843b0307b143362d4c42172"
  integrity sha512-7++dFhtcx3353uBaq8DDR4NuxBetBzC7ZQOhmTQInHEd6bSrXdiEyzCvG07Z44UYdLShWUyXt5M/yhz8ekcb1A==

simpler-color@^1.0.1:
  version "1.0.1"
  resolved "https://registry.yarnpkg.com/simpler-color/-/simpler-color-1.0.1.tgz#e27e176d87e6acc07eaf8b4d3caf39908bfb836c"
  integrity sha512-X/iGIlUBEdXhqZ6HCvEExdk6EARkpM50ufsNg9SBc4Jy7FhVKxJq4QezJXnxs7C1+cK929f9vOvkrETgriJJ6g==
  dependencies:
    "@babel/runtime" "^7.17.8"

which@^2.0.1:
  version "2.0.2"
  resolved "https://registry.yarnpkg.com/which/-/which-2.0.2.tgz#7c6a8dd0a636a0327e10b59c9286eee93f3f51b1"
  integrity sha512-BLI3Tl1TW3Pvl70l3yq3Y64i+awpwXqsGBYWkkqMtnbXgrMD+yj7rhW0kuEDxzJaYXGjEW5ogapKNMEKNMjibA==
  dependencies:
    isexe "^2.0.0"
